// !$*UTF8*$!
{
	archiveVersion = 1;
	classes = {
	};
	objectVersion = 77;
	objects = {

/* Begin PBXBuildFile section */
		3972896B2DD33C3A00627270 /* ReturnButton.swift in Sources */ = {isa = PBXBuildFile; fileRef = 3972896A2DD33C3A00627270 /* ReturnButton.swift */; };
		3972896D2DD33CAB00627270 /* ColorPalettes.swift in Sources */ = {isa = PBXBuildFile; fileRef = 3972896C2DD33CAB00627270 /* ColorPalettes.swift */; };
		3993AA172DD4200B00BACE4E /* DistanceHelper.swift in Sources */ = {isa = PBXBuildFile; fileRef = 3993AA162DD4200B00BACE4E /* DistanceHelper.swift */; };
		3993AA182DD4200B00BACE4E /* Location.gpx in Resources */ = {isa = PBXBuildFile; fileRef = 3993AA152DD4200B00BACE4E /* Location.gpx */; };
		3993AA1B2DD4202E00BACE4E /* liverpoolLogo.png in Resources */ = {isa = PBXBuildFile; fileRef = 3993AA192DD4202E00BACE4E /* liverpoolLogo.png */; };
		3993AA1C2DD4202E00BACE4E /* shoppingBags.png in Resources */ = {isa = PBXBuildFile; fileRef = 3993AA1A2DD4202E00BACE4E /* shoppingBags.png */; };
		FB0DD6AA2DD3E8E000F66B03 /* Customer.swift in Sources */ = {isa = PBXBuildFile; fileRef = FB0DD6A92DD3E8DD00F66B03 /* Customer.swift */; };
		FB0DD6AC2DD3E92200F66B03 /* NotificationBanner.swift in Sources */ = {isa = PBXBuildFile; fileRef = FB0DD6AB2DD3E91800F66B03 /* NotificationBanner.swift */; };
		FB0DD6AE2DD3FB5100F66B03 /* CustomerDetailView.swift in Sources */ = {isa = PBXBuildFile; fileRef = FB0DD6AD2DD3FB4C00F66B03 /* CustomerDetailView.swift */; };
		FB0DD7942DD41D7500F66B03 /* BannerServiceView.swift in Sources */ = {isa = PBXBuildFile; fileRef = FB0DD7932DD41D7500F66B03 /* BannerServiceView.swift */; };
		FBEC43802DD321BF00DC3801 /* NearbyMapView.swift in Sources */ = {isa = PBXBuildFile; fileRef = FBEC437F2DD321B800DC3801 /* NearbyMapView.swift */; };
		FBEC43822DD321D400DC3801 /* SucursalRow.swift in Sources */ = {isa = PBXBuildFile; fileRef = FBEC43812DD321CE00DC3801 /* SucursalRow.swift */; };
		FBEC438A2DD335AE00DC3801 /* RegionViewModel.swift in Sources */ = {isa = PBXBuildFile; fileRef = FBEC43892DD335A600DC3801 /* RegionViewModel.swift */; };
		FBEC44432DD3480800DC3801 /* RegistrationView.swift in Sources */ = {isa = PBXBuildFile; fileRef = FBEC44422DD347FD00DC3801 /* RegistrationView.swift */; };
/* End PBXBuildFile section */

/* Begin PBXContainerItemProxy section */
		397285042DCF04BA00627270 /* PBXContainerItemProxy */ = {
			isa = PBXContainerItemProxy;
			containerPortal = 397284EB2DCF04B800627270 /* Project object */;
			proxyType = 1;
			remoteGlobalIDString = 397284F22DCF04B800627270;
			remoteInfo = changeMakers;
		};
		3972850E2DCF04BA00627270 /* PBXContainerItemProxy */ = {
			isa = PBXContainerItemProxy;
			containerPortal = 397284EB2DCF04B800627270 /* Project object */;
			proxyType = 1;
			remoteGlobalIDString = 397284F22DCF04B800627270;
			remoteInfo = changeMakers;
		};
/* End PBXContainerItemProxy section */

/* Begin PBXFileReference section */
		397284F32DCF04B800627270 /* changeMakers.app */ = {isa = PBXFileReference; explicitFileType = wrapper.application; includeInIndex = 0; path = changeMakers.app; sourceTree = BUILT_PRODUCTS_DIR; };
		397285032DCF04BA00627270 /* changeMakersTests.xctest */ = {isa = PBXFileReference; explicitFileType = wrapper.cfbundle; includeInIndex = 0; path = changeMakersTests.xctest; sourceTree = BUILT_PRODUCTS_DIR; };
		3972850D2DCF04BA00627270 /* changeMakersUITests.xctest */ = {isa = PBXFileReference; explicitFileType = wrapper.cfbundle; includeInIndex = 0; path = changeMakersUITests.xctest; sourceTree = BUILT_PRODUCTS_DIR; };
		3972896A2DD33C3A00627270 /* ReturnButton.swift */ = {isa = PBXFileReference; lastKnownFileType = sourcecode.swift; path = ReturnButton.swift; sourceTree = "<group>"; };
		3972896C2DD33CAB00627270 /* ColorPalettes.swift */ = {isa = PBXFileReference; lastKnownFileType = sourcecode.swift; path = ColorPalettes.swift; sourceTree = "<group>"; };
		3993AA152DD4200B00BACE4E /* Location.gpx */ = {isa = PBXFileReference; lastKnownFileType = text; path = Location.gpx; sourceTree = "<group>"; };
		3993AA162DD4200B00BACE4E /* DistanceHelper.swift */ = {isa = PBXFileReference; lastKnownFileType = sourcecode.swift; path = DistanceHelper.swift; sourceTree = "<group>"; };
		3993AA192DD4202E00BACE4E /* liverpoolLogo.png */ = {isa = PBXFileReference; lastKnownFileType = image.png; path = liverpoolLogo.png; sourceTree = "<group>"; };
		3993AA1A2DD4202E00BACE4E /* shoppingBags.png */ = {isa = PBXFileReference; lastKnownFileType = image.png; path = shoppingBags.png; sourceTree = "<group>"; };
		FB0DD6A92DD3E8DD00F66B03 /* Customer.swift */ = {isa = PBXFileReference; lastKnownFileType = sourcecode.swift; path = Customer.swift; sourceTree = "<group>"; };
		FB0DD6AB2DD3E91800F66B03 /* NotificationBanner.swift */ = {isa = PBXFileReference; lastKnownFileType = sourcecode.swift; path = NotificationBanner.swift; sourceTree = "<group>"; };
		FB0DD6AD2DD3FB4C00F66B03 /* CustomerDetailView.swift */ = {isa = PBXFileReference; lastKnownFileType = sourcecode.swift; path = CustomerDetailView.swift; sourceTree = "<group>"; };
		FB0DD7932DD41D7500F66B03 /* BannerServiceView.swift */ = {isa = PBXFileReference; lastKnownFileType = sourcecode.swift; path = BannerServiceView.swift; sourceTree = "<group>"; };
		FBEC437F2DD321B800DC3801 /* NearbyMapView.swift */ = {isa = PBXFileReference; lastKnownFileType = sourcecode.swift; path = NearbyMapView.swift; sourceTree = "<group>"; };
		FBEC43812DD321CE00DC3801 /* SucursalRow.swift */ = {isa = PBXFileReference; lastKnownFileType = sourcecode.swift; path = SucursalRow.swift; sourceTree = "<group>"; };
		FBEC43892DD335A600DC3801 /* RegionViewModel.swift */ = {isa = PBXFileReference; lastKnownFileType = sourcecode.swift; path = RegionViewModel.swift; sourceTree = "<group>"; };
		FBEC44422DD347FD00DC3801 /* RegistrationView.swift */ = {isa = PBXFileReference; lastKnownFileType = sourcecode.swift; path = RegistrationView.swift; sourceTree = "<group>"; };
/* End PBXFileReference section */

/* Begin PBXFileSystemSynchronizedBuildFileExceptionSet section */
		FBEC43842DD3265100DC3801 /* Exceptions for "changeMakers" folder in "changeMakers" target */ = {
			isa = PBXFileSystemSynchronizedBuildFileExceptionSet;
			membershipExceptions = (
				Info.plist,
			);
			target = 397284F22DCF04B800627270 /* changeMakers */;
		};
/* End PBXFileSystemSynchronizedBuildFileExceptionSet section */

/* Begin PBXFileSystemSynchronizedRootGroup section */
		397284F52DCF04B800627270 /* changeMakers */ = {
			isa = PBXFileSystemSynchronizedRootGroup;
			exceptions = (
				FBEC43842DD3265100DC3801 /* Exceptions for "changeMakers" folder in "changeMakers" target */,
			);
			path = changeMakers;
			sourceTree = "<group>";
		};
		397285062DCF04BA00627270 /* changeMakersTests */ = {
			isa = PBXFileSystemSynchronizedRootGroup;
			path = changeMakersTests;
			sourceTree = "<group>";
		};
		397285102DCF04BA00627270 /* changeMakersUITests */ = {
			isa = PBXFileSystemSynchronizedRootGroup;
			path = changeMakersUITests;
			sourceTree = "<group>";
		};
		FB2F3C1F2DD3D9F10046D48B /* WishlistThings */ = {
			isa = PBXFileSystemSynchronizedRootGroup;
			path = WishlistThings;
			sourceTree = "<group>";
		};
		FBEC40F32DD2BEBE00DC3801 /* Location */ = {
			isa = PBXFileSystemSynchronizedRootGroup;
			path = Location;
			sourceTree = "<group>";
		};
		FBEC41292DD2C56800DC3801 /* Header */ = {
			isa = PBXFileSystemSynchronizedRootGroup;
			path = Header;
			sourceTree = "<group>";
		};
		FBEC41322DD2C66800DC3801 /* TabViews */ = {
			isa = PBXFileSystemSynchronizedRootGroup;
			path = TabViews;
			sourceTree = "<group>";
		};
		FBEC41672DD2CAE000DC3801 /* Screens */ = {
			isa = PBXFileSystemSynchronizedRootGroup;
			path = Screens;
			sourceTree = "<group>";
		};
		FBEC41682DD2CB1000DC3801 /* NavigationalButton */ = {
			isa = PBXFileSystemSynchronizedRootGroup;
			path = NavigationalButton;
			sourceTree = "<group>";
		};
		FBEC43882DD32A5300DC3801 /* Map */ = {
			isa = PBXFileSystemSynchronizedRootGroup;
			path = Map;
			sourceTree = "<group>";
		};
/* End PBXFileSystemSynchronizedRootGroup section */

/* Begin PBXFrameworksBuildPhase section */
		397284F02DCF04B800627270 /* Frameworks */ = {
			isa = PBXFrameworksBuildPhase;
			buildActionMask = 2147483647;
			files = (
			);
			runOnlyForDeploymentPostprocessing = 0;
		};
		397285002DCF04BA00627270 /* Frameworks */ = {
			isa = PBXFrameworksBuildPhase;
			buildActionMask = 2147483647;
			files = (
			);
			runOnlyForDeploymentPostprocessing = 0;
		};
		3972850A2DCF04BA00627270 /* Frameworks */ = {
			isa = PBXFrameworksBuildPhase;
			buildActionMask = 2147483647;
			files = (
			);
			runOnlyForDeploymentPostprocessing = 0;
		};
/* End PBXFrameworksBuildPhase section */

/* Begin PBXGroup section */
		397284EA2DCF04B800627270 = {
			isa = PBXGroup;
			children = (
				3993AA192DD4202E00BACE4E /* liverpoolLogo.png */,
				3993AA1A2DD4202E00BACE4E /* shoppingBags.png */,
				3993AA152DD4200B00BACE4E /* Location.gpx */,
				3993AA162DD4200B00BACE4E /* DistanceHelper.swift */,
				FB0DD7932DD41D7500F66B03 /* BannerServiceView.swift */,
				FB0DD6AD2DD3FB4C00F66B03 /* CustomerDetailView.swift */,
				FB0DD6AB2DD3E91800F66B03 /* NotificationBanner.swift */,
				FB0DD6A92DD3E8DD00F66B03 /* Customer.swift */,
				FB2F3C1F2DD3D9F10046D48B /* WishlistThings */,
				FBEC44422DD347FD00DC3801 /* RegistrationView.swift */,
				3972896C2DD33CAB00627270 /* ColorPalettes.swift */,
				3972896A2DD33C3A00627270 /* ReturnButton.swift */,
				FBEC43892DD335A600DC3801 /* RegionViewModel.swift */,
				FBEC43882DD32A5300DC3801 /* Map */,
				FBEC43812DD321CE00DC3801 /* SucursalRow.swift */,
				FBEC437F2DD321B800DC3801 /* NearbyMapView.swift */,
				FBEC41682DD2CB1000DC3801 /* NavigationalButton */,
				FBEC41672DD2CAE000DC3801 /* Screens */,
				FBEC41322DD2C66800DC3801 /* TabViews */,
				FBEC41292DD2C56800DC3801 /* Header */,
				FBEC40F32DD2BEBE00DC3801 /* Location */,
				397284F52DCF04B800627270 /* changeMakers */,
				397285062DCF04BA00627270 /* changeMakersTests */,
				397285102DCF04BA00627270 /* changeMakersUITests */,
				397284F42DCF04B800627270 /* Products */,
			);
			sourceTree = "<group>";
		};
		397284F42DCF04B800627270 /* Products */ = {
			isa = PBXGroup;
			children = (
				397284F32DCF04B800627270 /* changeMakers.app */,
				397285032DCF04BA00627270 /* changeMakersTests.xctest */,
				3972850D2DCF04BA00627270 /* changeMakersUITests.xctest */,
			);
			name = Products;
			sourceTree = "<group>";
		};
/* End PBXGroup section */

/* Begin PBXNativeTarget section */
		397284F22DCF04B800627270 /* changeMakers */ = {
			isa = PBXNativeTarget;
			buildConfigurationList = 397285172DCF04BA00627270 /* Build configuration list for PBXNativeTarget "changeMakers" */;
			buildPhases = (
				397284EF2DCF04B800627270 /* Sources */,
				397284F02DCF04B800627270 /* Frameworks */,
				397284F12DCF04B800627270 /* Resources */,
			);
			buildRules = (
			);
			dependencies = (
			);
			fileSystemSynchronizedGroups = (
				397284F52DCF04B800627270 /* changeMakers */,
				FB2F3C1F2DD3D9F10046D48B /* WishlistThings */,
				FBEC40F32DD2BEBE00DC3801 /* Location */,
				FBEC41292DD2C56800DC3801 /* Header */,
				FBEC41322DD2C66800DC3801 /* TabViews */,
				FBEC41672DD2CAE000DC3801 /* Screens */,
				FBEC41682DD2CB1000DC3801 /* NavigationalButton */,
				FBEC43882DD32A5300DC3801 /* Map */,
			);
			name = changeMakers;
			packageProductDependencies = (
			);
			productName = changeMakers;
			productReference = 397284F32DCF04B800627270 /* changeMakers.app */;
			productType = "com.apple.product-type.application";
		};
		397285022DCF04BA00627270 /* changeMakersTests */ = {
			isa = PBXNativeTarget;
			buildConfigurationList = 3972851A2DCF04BA00627270 /* Build configuration list for PBXNativeTarget "changeMakersTests" */;
			buildPhases = (
				397284FF2DCF04BA00627270 /* Sources */,
				397285002DCF04BA00627270 /* Frameworks */,
				397285012DCF04BA00627270 /* Resources */,
			);
			buildRules = (
			);
			dependencies = (
				397285052DCF04BA00627270 /* PBXTargetDependency */,
			);
			fileSystemSynchronizedGroups = (
				397285062DCF04BA00627270 /* changeMakersTests */,
			);
			name = changeMakersTests;
			packageProductDependencies = (
			);
			productName = changeMakersTests;
			productReference = 397285032DCF04BA00627270 /* changeMakersTests.xctest */;
			productType = "com.apple.product-type.bundle.unit-test";
		};
		3972850C2DCF04BA00627270 /* changeMakersUITests */ = {
			isa = PBXNativeTarget;
			buildConfigurationList = 3972851D2DCF04BA00627270 /* Build configuration list for PBXNativeTarget "changeMakersUITests" */;
			buildPhases = (
				397285092DCF04BA00627270 /* Sources */,
				3972850A2DCF04BA00627270 /* Frameworks */,
				3972850B2DCF04BA00627270 /* Resources */,
			);
			buildRules = (
			);
			dependencies = (
				3972850F2DCF04BA00627270 /* PBXTargetDependency */,
			);
			fileSystemSynchronizedGroups = (
				397285102DCF04BA00627270 /* changeMakersUITests */,
			);
			name = changeMakersUITests;
			packageProductDependencies = (
			);
			productName = changeMakersUITests;
			productReference = 3972850D2DCF04BA00627270 /* changeMakersUITests.xctest */;
			productType = "com.apple.product-type.bundle.ui-testing";
		};
/* End PBXNativeTarget section */

/* Begin PBXProject section */
		397284EB2DCF04B800627270 /* Project object */ = {
			isa = PBXProject;
			attributes = {
				BuildIndependentTargetsInParallel = 1;
				LastSwiftUpdateCheck = 1620;
				LastUpgradeCheck = 1620;
				TargetAttributes = {
					397284F22DCF04B800627270 = {
						CreatedOnToolsVersion = 16.2;
					};
					397285022DCF04BA00627270 = {
						CreatedOnToolsVersion = 16.2;
						TestTargetID = 397284F22DCF04B800627270;
					};
					3972850C2DCF04BA00627270 = {
						CreatedOnToolsVersion = 16.2;
						TestTargetID = 397284F22DCF04B800627270;
					};
				};
			};
			buildConfigurationList = 397284EE2DCF04B800627270 /* Build configuration list for PBXProject "changeMakers" */;
			developmentRegion = en;
			hasScannedForEncodings = 0;
			knownRegions = (
				en,
				Base,
			);
			mainGroup = 397284EA2DCF04B800627270;
			minimizedProjectReferenceProxies = 1;
			preferredProjectObjectVersion = 77;
			productRefGroup = 397284F42DCF04B800627270 /* Products */;
			projectDirPath = "";
			projectRoot = "";
			targets = (
				397284F22DCF04B800627270 /* changeMakers */,
				397285022DCF04BA00627270 /* changeMakersTests */,
				3972850C2DCF04BA00627270 /* changeMakersUITests */,
			);
		};
/* End PBXProject section */

/* Begin PBXResourcesBuildPhase section */
		397284F12DCF04B800627270 /* Resources */ = {
			isa = PBXResourcesBuildPhase;
			buildActionMask = 2147483647;
			files = (
				3993AA1B2DD4202E00BACE4E /* liverpoolLogo.png in Resources */,
				3993AA1C2DD4202E00BACE4E /* shoppingBags.png in Resources */,
				3993AA182DD4200B00BACE4E /* Location.gpx in Resources */,
			);
			runOnlyForDeploymentPostprocessing = 0;
		};
		397285012DCF04BA00627270 /* Resources */ = {
			isa = PBXResourcesBuildPhase;
			buildActionMask = 2147483647;
			files = (
			);
			runOnlyForDeploymentPostprocessing = 0;
		};
		3972850B2DCF04BA00627270 /* Resources */ = {
			isa = PBXResourcesBuildPhase;
			buildActionMask = 2147483647;
			files = (
			);
			runOnlyForDeploymentPostprocessing = 0;
		};
/* End PBXResourcesBuildPhase section */

/* Begin PBXSourcesBuildPhase section */
		397284EF2DCF04B800627270 /* Sources */ = {
			isa = PBXSourcesBuildPhase;
			buildActionMask = 2147483647;
			files = (
				FBEC44432DD3480800DC3801 /* RegistrationView.swift in Sources */,
				FBEC438A2DD335AE00DC3801 /* RegionViewModel.swift in Sources */,
				FBEC43802DD321BF00DC3801 /* NearbyMapView.swift in Sources */,
				3972896D2DD33CAB00627270 /* ColorPalettes.swift in Sources */,
				3993AA172DD4200B00BACE4E /* DistanceHelper.swift in Sources */,
				FB0DD7942DD41D7500F66B03 /* BannerServiceView.swift in Sources */,
				FB0DD6AC2DD3E92200F66B03 /* NotificationBanner.swift in Sources */,
				FB0DD6AE2DD3FB5100F66B03 /* CustomerDetailView.swift in Sources */,
				FB0DD6AA2DD3E8E000F66B03 /* Customer.swift in Sources */,
				FBEC43822DD321D400DC3801 /* SucursalRow.swift in Sources */,
				3972896B2DD33C3A00627270 /* ReturnButton.swift in Sources */,
			);
			runOnlyForDeploymentPostprocessing = 0;
		};
		397284FF2DCF04BA00627270 /* Sources */ = {
			isa = PBXSourcesBuildPhase;
			buildActionMask = 2147483647;
			files = (
			);
			runOnlyForDeploymentPostprocessing = 0;
		};
		397285092DCF04BA00627270 /* Sources */ = {
			isa = PBXSourcesBuildPhase;
			buildActionMask = 2147483647;
			files = (
			);
			runOnlyForDeploymentPostprocessing = 0;
		};
/* End PBXSourcesBuildPhase section */

/* Begin PBXTargetDependency section */
		397285052DCF04BA00627270 /* PBXTargetDependency */ = {
			isa = PBXTargetDependency;
			target = 397284F22DCF04B800627270 /* changeMakers */;
			targetProxy = 397285042DCF04BA00627270 /* PBXContainerItemProxy */;
		};
		3972850F2DCF04BA00627270 /* PBXTargetDependency */ = {
			isa = PBXTargetDependency;
			target = 397284F22DCF04B800627270 /* changeMakers */;
			targetProxy = 3972850E2DCF04BA00627270 /* PBXContainerItemProxy */;
		};
/* End PBXTargetDependency section */

/* Begin XCBuildConfiguration section */
		397285152DCF04BA00627270 /* Debug */ = {
			isa = XCBuildConfiguration;
			buildSettings = {
				ALWAYS_SEARCH_USER_PATHS = NO;
				ASSETCATALOG_COMPILER_GENERATE_SWIFT_ASSET_SYMBOL_EXTENSIONS = YES;
				CLANG_ANALYZER_NONNULL = YES;
				CLANG_ANALYZER_NUMBER_OBJECT_CONVERSION = YES_AGGRESSIVE;
				CLANG_CXX_LANGUAGE_STANDARD = "gnu++20";
				CLANG_ENABLE_MODULES = YES;
				CLANG_ENABLE_OBJC_ARC = YES;
				CLANG_ENABLE_OBJC_WEAK = YES;
				CLANG_WARN_BLOCK_CAPTURE_AUTORELEASING = YES;
				CLANG_WARN_BOOL_CONVERSION = YES;
				CLANG_WARN_COMMA = YES;
				CLANG_WARN_CONSTANT_CONVERSION = YES;
				CLANG_WARN_DEPRECATED_OBJC_IMPLEMENTATIONS = YES;
				CLANG_WARN_DIRECT_OBJC_ISA_USAGE = YES_ERROR;
				CLANG_WARN_DOCUMENTATION_COMMENTS = YES;
				CLANG_WARN_EMPTY_BODY = YES;
				CLANG_WARN_ENUM_CONVERSION = YES;
				CLANG_WARN_INFINITE_RECURSION = YES;
				CLANG_WARN_INT_CONVERSION = YES;
				CLANG_WARN_NON_LITERAL_NULL_CONVERSION = YES;
				CLANG_WARN_OBJC_IMPLICIT_RETAIN_SELF = YES;
				CLANG_WARN_OBJC_LITERAL_CONVERSION = YES;
				CLANG_WARN_OBJC_ROOT_CLASS = YES_ERROR;
				CLANG_WARN_QUOTED_INCLUDE_IN_FRAMEWORK_HEADER = YES;
				CLANG_WARN_RANGE_LOOP_ANALYSIS = YES;
				CLANG_WARN_STRICT_PROTOTYPES = YES;
				CLANG_WARN_SUSPICIOUS_MOVE = YES;
				CLANG_WARN_UNGUARDED_AVAILABILITY = YES_AGGRESSIVE;
				CLANG_WARN_UNREACHABLE_CODE = YES;
				CLANG_WARN__DUPLICATE_METHOD_MATCH = YES;
				COPY_PHASE_STRIP = NO;
				DEBUG_INFORMATION_FORMAT = dwarf;
				ENABLE_STRICT_OBJC_MSGSEND = YES;
				ENABLE_TESTABILITY = YES;
				ENABLE_USER_SCRIPT_SANDBOXING = YES;
				GCC_C_LANGUAGE_STANDARD = gnu17;
				GCC_DYNAMIC_NO_PIC = NO;
				GCC_NO_COMMON_BLOCKS = YES;
				GCC_OPTIMIZATION_LEVEL = 0;
				GCC_PREPROCESSOR_DEFINITIONS = (
					"DEBUG=1",
					"$(inherited)",
				);
				GCC_WARN_64_TO_32_BIT_CONVERSION = YES;
				GCC_WARN_ABOUT_RETURN_TYPE = YES_ERROR;
				GCC_WARN_UNDECLARED_SELECTOR = YES;
				GCC_WARN_UNINITIALIZED_AUTOS = YES_AGGRESSIVE;
				GCC_WARN_UNUSED_FUNCTION = YES;
				GCC_WARN_UNUSED_VARIABLE = YES;
				IPHONEOS_DEPLOYMENT_TARGET = 18.2;
				LOCALIZATION_PREFERS_STRING_CATALOGS = YES;
				MTL_ENABLE_DEBUG_INFO = INCLUDE_SOURCE;
				MTL_FAST_MATH = YES;
				ONLY_ACTIVE_ARCH = YES;
				SDKROOT = iphoneos;
				SWIFT_ACTIVE_COMPILATION_CONDITIONS = "DEBUG $(inherited)";
				SWIFT_OPTIMIZATION_LEVEL = "-Onone";
			};
			name = Debug;
		};
		397285162DCF04BA00627270 /* Release */ = {
			isa = XCBuildConfiguration;
			buildSettings = {
				ALWAYS_SEARCH_USER_PATHS = NO;
				ASSETCATALOG_COMPILER_GENERATE_SWIFT_ASSET_SYMBOL_EXTENSIONS = YES;
				CLANG_ANALYZER_NONNULL = YES;
				CLANG_ANALYZER_NUMBER_OBJECT_CONVERSION = YES_AGGRESSIVE;
				CLANG_CXX_LANGUAGE_STANDARD = "gnu++20";
				CLANG_ENABLE_MODULES = YES;
				CLANG_ENABLE_OBJC_ARC = YES;
				CLANG_ENABLE_OBJC_WEAK = YES;
				CLANG_WARN_BLOCK_CAPTURE_AUTORELEASING = YES;
				CLANG_WARN_BOOL_CONVERSION = YES;
				CLANG_WARN_COMMA = YES;
				CLANG_WARN_CONSTANT_CONVERSION = YES;
				CLANG_WARN_DEPRECATED_OBJC_IMPLEMENTATIONS = YES;
				CLANG_WARN_DIRECT_OBJC_ISA_USAGE = YES_ERROR;
				CLANG_WARN_DOCUMENTATION_COMMENTS = YES;
				CLANG_WARN_EMPTY_BODY = YES;
				CLANG_WARN_ENUM_CONVERSION = YES;
				CLANG_WARN_INFINITE_RECURSION = YES;
				CLANG_WARN_INT_CONVERSION = YES;
				CLANG_WARN_NON_LITERAL_NULL_CONVERSION = YES;
				CLANG_WARN_OBJC_IMPLICIT_RETAIN_SELF = YES;
				CLANG_WARN_OBJC_LITERAL_CONVERSION = YES;
				CLANG_WARN_OBJC_ROOT_CLASS = YES_ERROR;
				CLANG_WARN_QUOTED_INCLUDE_IN_FRAMEWORK_HEADER = YES;
				CLANG_WARN_RANGE_LOOP_ANALYSIS = YES;
				CLANG_WARN_STRICT_PROTOTYPES = YES;
				CLANG_WARN_SUSPICIOUS_MOVE = YES;
				CLANG_WARN_UNGUARDED_AVAILABILITY = YES_AGGRESSIVE;
				CLANG_WARN_UNREACHABLE_CODE = YES;
				CLANG_WARN__DUPLICATE_METHOD_MATCH = YES;
				COPY_PHASE_STRIP = NO;
				DEBUG_INFORMATION_FORMAT = "dwarf-with-dsym";
				ENABLE_NS_ASSERTIONS = NO;
				ENABLE_STRICT_OBJC_MSGSEND = YES;
				ENABLE_USER_SCRIPT_SANDBOXING = YES;
				GCC_C_LANGUAGE_STANDARD = gnu17;
				GCC_NO_COMMON_BLOCKS = YES;
				GCC_WARN_64_TO_32_BIT_CONVERSION = YES;
				GCC_WARN_ABOUT_RETURN_TYPE = YES_ERROR;
				GCC_WARN_UNDECLARED_SELECTOR = YES;
				GCC_WARN_UNINITIALIZED_AUTOS = YES_AGGRESSIVE;
				GCC_WARN_UNUSED_FUNCTION = YES;
				GCC_WARN_UNUSED_VARIABLE = YES;
				IPHONEOS_DEPLOYMENT_TARGET = 18.2;
				LOCALIZATION_PREFERS_STRING_CATALOGS = YES;
				MTL_ENABLE_DEBUG_INFO = NO;
				MTL_FAST_MATH = YES;
				SDKROOT = iphoneos;
				SWIFT_COMPILATION_MODE = wholemodule;
				VALIDATE_PRODUCT = YES;
			};
			name = Release;
		};
		397285182DCF04BA00627270 /* Debug */ = {
			isa = XCBuildConfiguration;
			buildSettings = {
				ASSETCATALOG_COMPILER_APPICON_NAME = AppIcon;
				ASSETCATALOG_COMPILER_GLOBAL_ACCENT_COLOR_NAME = AccentColor;
				CODE_SIGN_STYLE = Automatic;
				CURRENT_PROJECT_VERSION = 1;
				DEVELOPMENT_ASSET_PATHS = "\"changeMakers/Preview Content\"";
				DEVELOPMENT_TEAM = 534FGD64GF;
				ENABLE_PREVIEWS = YES;
				GENERATE_INFOPLIST_FILE = YES;
				INFOPLIST_FILE = changeMakers/Info.plist;
				INFOPLIST_KEY_NSCameraUsageDescription = "$(MARKETING_VERSION)";
				INFOPLIST_KEY_NSLocationAlwaysUsageDescription = "Nuestra nueva funcionalidad diseñada sólo para ti requiere esta función";
				INFOPLIST_KEY_NSLocationWhenInUseUsageDescription = "Nuestra app requiere permisos de localización";
				INFOPLIST_KEY_NSPhotoLibraryUsageDescription = "Se requiere acceso a la galería para seleccionar una foto de perfil.";
				INFOPLIST_KEY_UIApplicationSceneManifest_Generation = YES;
				INFOPLIST_KEY_UIApplicationSupportsIndirectInputEvents = YES;
				INFOPLIST_KEY_UILaunchScreen_Generation = YES;
				INFOPLIST_KEY_UISupportedInterfaceOrientations_iPad = "UIInterfaceOrientationPortrait UIInterfaceOrientationPortraitUpsideDown UIInterfaceOrientationLandscapeLeft UIInterfaceOrientationLandscapeRight";
				INFOPLIST_KEY_UISupportedInterfaceOrientations_iPhone = "UIInterfaceOrientationPortrait UIInterfaceOrientationLandscapeLeft UIInterfaceOrientationLandscapeRight";
				IPHONEOS_DEPLOYMENT_TARGET = 18.0;
				LD_RUNPATH_SEARCH_PATHS = (
					"$(inherited)",
					"@executable_path/Frameworks",
				);
				MARKETING_VERSION = 1.0;
				PRODUCT_BUNDLE_IDENTIFIER = diegotamez.changeMakers;
				PRODUCT_NAME = "$(TARGET_NAME)";
				SWIFT_EMIT_LOC_STRINGS = YES;
				SWIFT_VERSION = 5.0;
				TARGETED_DEVICE_FAMILY = "1,2";
			};
			name = Debug;
		};
		397285192DCF04BA00627270 /* Release */ = {
			isa = XCBuildConfiguration;
			buildSettings = {
				ASSETCATALOG_COMPILER_APPICON_NAME = AppIcon;
				ASSETCATALOG_COMPILER_GLOBAL_ACCENT_COLOR_NAME = AccentColor;
				CODE_SIGN_STYLE = Automatic;
				CURRENT_PROJECT_VERSION = 1;
				DEVELOPMENT_ASSET_PATHS = "\"changeMakers/Preview Content\"";
				DEVELOPMENT_TEAM = 534FGD64GF;
				ENABLE_PREVIEWS = YES;
				GENERATE_INFOPLIST_FILE = YES;
				INFOPLIST_FILE = changeMakers/Info.plist;
				INFOPLIST_KEY_NSCameraUsageDescription = "$(MARKETING_VERSION)";
				INFOPLIST_KEY_NSLocationAlwaysUsageDescription = "Nuestra nueva funcionalidad diseñada sólo para ti requiere esta función";
				INFOPLIST_KEY_NSLocationWhenInUseUsageDescription = "Nuestra app requiere permisos de localización";
				INFOPLIST_KEY_NSPhotoLibraryUsageDescription = "Se requiere acceso a la galería para seleccionar una foto de perfil.";
				INFOPLIST_KEY_UIApplicationSceneManifest_Generation = YES;
				INFOPLIST_KEY_UIApplicationSupportsIndirectInputEvents = YES;
				INFOPLIST_KEY_UILaunchScreen_Generation = YES;
				INFOPLIST_KEY_UISupportedInterfaceOrientations_iPad = "UIInterfaceOrientationPortrait UIInterfaceOrientationPortraitUpsideDown UIInterfaceOrientationLandscapeLeft UIInterfaceOrientationLandscapeRight";
				INFOPLIST_KEY_UISupportedInterfaceOrientations_iPhone = "UIInterfaceOrientationPortrait UIInterfaceOrientationLandscapeLeft UIInterfaceOrientationLandscapeRight";
				IPHONEOS_DEPLOYMENT_TARGET = 18.0;
				LD_RUNPATH_SEARCH_PATHS = (
					"$(inherited)",
					"@executable_path/Frameworks",
				);
				MARKETING_VERSION = 1.0;
				PRODUCT_BUNDLE_IDENTIFIER = diegotamez.changeMakers;
				PRODUCT_NAME = "$(TARGET_NAME)";
				SWIFT_EMIT_LOC_STRINGS = YES;
				SWIFT_VERSION = 5.0;
				TARGETED_DEVICE_FAMILY = "1,2";
			};
			name = Release;
		};
		3972851B2DCF04BA00627270 /* Debug */ = {
			isa = XCBuildConfiguration;
			buildSettings = {
				BUNDLE_LOADER = "$(TEST_HOST)";
				CODE_SIGN_STYLE = Automatic;
				CURRENT_PROJECT_VERSION = 1;
				DEVELOPMENT_TEAM = V3624N3CCV;
				GENERATE_INFOPLIST_FILE = YES;
				IPHONEOS_DEPLOYMENT_TARGET = 18.2;
				MARKETING_VERSION = 1.0;
				PRODUCT_BUNDLE_IDENTIFIER = raychavez.changeMakersTests;
				PRODUCT_NAME = "$(TARGET_NAME)";
				SWIFT_EMIT_LOC_STRINGS = NO;
				SWIFT_VERSION = 5.0;
				TARGETED_DEVICE_FAMILY = "1,2";
				TEST_HOST = "$(BUILT_PRODUCTS_DIR)/changeMakers.app/$(BUNDLE_EXECUTABLE_FOLDER_PATH)/changeMakers";
			};
			name = Debug;
		};
		3972851C2DCF04BA00627270 /* Release */ = {
			isa = XCBuildConfiguration;
			buildSettings = {
				BUNDLE_LOADER = "$(TEST_HOST)";
				CODE_SIGN_STYLE = Automatic;
				CURRENT_PROJECT_VERSION = 1;
				DEVELOPMENT_TEAM = V3624N3CCV;
				GENERATE_INFOPLIST_FILE = YES;
				IPHONEOS_DEPLOYMENT_TARGET = 18.2;
				MARKETING_VERSION = 1.0;
				PRODUCT_BUNDLE_IDENTIFIER = raychavez.changeMakersTests;
				PRODUCT_NAME = "$(TARGET_NAME)";
				SWIFT_EMIT_LOC_STRINGS = NO;
				SWIFT_VERSION = 5.0;
				TARGETED_DEVICE_FAMILY = "1,2";
				TEST_HOST = "$(BUILT_PRODUCTS_DIR)/changeMakers.app/$(BUNDLE_EXECUTABLE_FOLDER_PATH)/changeMakers";
			};
			name = Release;
		};
		3972851E2DCF04BA00627270 /* Debug */ = {
			isa = XCBuildConfiguration;
			buildSettings = {
				CODE_SIGN_STYLE = Automatic;
				CURRENT_PROJECT_VERSION = 1;
				DEVELOPMENT_TEAM = V3624N3CCV;
				GENERATE_INFOPLIST_FILE = YES;
				MARKETING_VERSION = 1.0;
				PRODUCT_BUNDLE_IDENTIFIER = raychavez.changeMakersUITests;
				PRODUCT_NAME = "$(TARGET_NAME)";
				SWIFT_EMIT_LOC_STRINGS = NO;
				SWIFT_VERSION = 5.0;
				TARGETED_DEVICE_FAMILY = "1,2";
				TEST_TARGET_NAME = changeMakers;
			};
			name = Debug;
		};
		3972851F2DCF04BA00627270 /* Release */ = {
			isa = XCBuildConfiguration;
			buildSettings = {
				CODE_SIGN_STYLE = Automatic;
				CURRENT_PROJECT_VERSION = 1;
				DEVELOPMENT_TEAM = V3624N3CCV;
				GENERATE_INFOPLIST_FILE = YES;
				MARKETING_VERSION = 1.0;
				PRODUCT_BUNDLE_IDENTIFIER = raychavez.changeMakersUITests;
				PRODUCT_NAME = "$(TARGET_NAME)";
				SWIFT_EMIT_LOC_STRINGS = NO;
				SWIFT_VERSION = 5.0;
				TARGETED_DEVICE_FAMILY = "1,2";
				TEST_TARGET_NAME = changeMakers;
			};
			name = Release;
		};
/* End XCBuildConfiguration section */

/* Begin XCConfigurationList section */
		397284EE2DCF04B800627270 /* Build configuration list for PBXProject "changeMakers" */ = {
			isa = XCConfigurationList;
			buildConfigurations = (
				397285152DCF04BA00627270 /* Debug */,
				397285162DCF04BA00627270 /* Release */,
			);
			defaultConfigurationIsVisible = 0;
			defaultConfigurationName = Release;
		};
		397285172DCF04BA00627270 /* Build configuration list for PBXNativeTarget "changeMakers" */ = {
			isa = XCConfigurationList;
			buildConfigurations = (
				397285182DCF04BA00627270 /* Debug */,
				397285192DCF04BA00627270 /* Release */,
			);
			defaultConfigurationIsVisible = 0;
			defaultConfigurationName = Release;
		};
		3972851A2DCF04BA00627270 /* Build configuration list for PBXNativeTarget "changeMakersTests" */ = {
			isa = XCConfigurationList;
			buildConfigurations = (
				3972851B2DCF04BA00627270 /* Debug */,
				3972851C2DCF04BA00627270 /* Release */,
			);
			defaultConfigurationIsVisible = 0;
			defaultConfigurationName = Release;
		};
		3972851D2DCF04BA00627270 /* Build configuration list for PBXNativeTarget "changeMakersUITests" */ = {
			isa = XCConfigurationList;
			buildConfigurations = (
				3972851E2DCF04BA00627270 /* Debug */,
				3972851F2DCF04BA00627270 /* Release */,
			);
			defaultConfigurationIsVisible = 0;
			defaultConfigurationName = Release;
		};
/* End XCConfigurationList section */
	};
	rootObject = 397284EB2DCF04B800627270 /* Project object */;
}
